PODS:
  - AWSAuth (2.6.17):
    - AWSAuth/Core (= 2.6.17)
    - AWSAuth/FacebookSignIn (= 2.6.17)
    - AWSAuth/GoogleSignIn (= 2.6.17)
    - AWSAuth/UI (= 2.6.17)
    - AWSAuth/UserPoolsSignIn (= 2.6.17)
  - AWSAuth/Core (2.6.17):
    - AWSAuthCore (= 2.6.17)
  - AWSAuth/FacebookSignIn (2.6.17):
    - AWSFacebookSignIn (= 2.6.17)
  - AWSAuth/GoogleSignIn (2.6.17):
    - AWSGoogleSignIn (= 2.6.17)
  - AWSAuth/UI (2.6.17):
    - AWSAuthUI (= 2.6.17)
  - AWSAuth/UserPoolsSignIn (2.6.17):
    - AWSUserPoolsSignIn (= 2.6.17)
  - AWSAuthCore (2.6.17):
    - AWSCore (= 2.6.17)
  - AWSAuthUI (2.6.17):
    - AWSAuthCore (= 2.6.17)
    - AWSCore (= 2.6.17)
  - AWSAutoScaling (2.6.17):
    - AWSCore (= 2.6.17)
  - AWSCloudWatch (2.6.17):
    - AWSCore (= 2.6.17)
  - AWSCognito (2.6.17):
    - AWSCore (= 2.6.17)
  - AWSCognitoAuth (2.6.17):
    - AWSCognitoIdentityProviderASF (= 1.0.1)
  - AWSCognitoIdentityProvider (2.6.17):
    - AWSCognitoIdentityProviderASF (= 1.0.1)
    - AWSCore (= 2.6.17)
  - AWSCognitoIdentityProviderASF (1.0.1)
  - AWSCore (2.6.17)
  - AWSDynamoDB (2.6.17):
    - AWSCore (= 2.6.17)
  - AWSEC2 (2.6.17):
    - AWSCore (= 2.6.17)
  - AWSElasticLoadBalancing (2.6.17):
    - AWSCore (= 2.6.17)
  - AWSFacebookSignIn (2.6.17):
    - AWSAuthCore (= 2.6.17)
    - FBSDKCoreKit (~> 4.0)
    - FBSDKLoginKit (~> 4.0)
  - AWSGoogleSignIn (2.6.17):
    - AWSAuthCore (= 2.6.17)
  - AWSIoT (2.6.17):
    - AWSCore (= 2.6.17)
  - AWSKinesis (2.6.17):
    - AWSCore (= 2.6.17)
  - AWSKMS (2.6.17):
    - AWSCore (= 2.6.17)
  - AWSLambda (2.6.17):
    - AWSCore (= 2.6.17)
  - AWSLex (2.6.17):
    - AWSCore (= 2.6.17)
  - AWSLogs (2.6.17):
    - AWSCore (= 2.6.17)
  - AWSMachineLearning (2.6.17):
    - AWSCore (= 2.6.17)
  - AWSMobileAnalytics (2.6.17):
    - AWSCore (= 2.6.17)
  - AWSMobileClient (2.6.17):
    - AWSAuthCore (= 2.6.17)
  - AWSPinpoint (2.6.17):
    - AWSCore (= 2.6.17)
  - AWSPolly (2.6.17):
    - AWSCore (= 2.6.17)
  - AWSRekognition (2.6.17):
    - AWSCore (= 2.6.17)
  - AWSS3 (2.6.17):
    - AWSCore (= 2.6.17)
  - AWSSES (2.6.17):
    - AWSCore (= 2.6.17)
  - AWSSimpleDB (2.6.17):
    - AWSCore (= 2.6.17)
  - AWSSNS (2.6.17):
    - AWSCore (= 2.6.17)
  - AWSSQS (2.6.17):
    - AWSCore (= 2.6.17)
  - AWSUserPoolsSignIn (2.6.17):
    - AWSAuthCore (= 2.6.17)
    - AWSCognitoIdentityProvider (= 2.6.17)
  - Bolts (1.9.0):
    - Bolts/AppLinks (= 1.9.0)
    - Bolts/Tasks (= 1.9.0)
  - Bolts/AppLinks (1.9.0):
    - Bolts/Tasks
  - Bolts/Tasks (1.9.0)
  - FBSDKCoreKit (4.33.0):
    - Bolts (~> 1.7)
  - FBSDKLoginKit (4.33.0):
    - FBSDKCoreKit

DEPENDENCIES:
  - AWSAuth
  - AWSAuthCore
  - AWSAuthUI
  - AWSAutoScaling
  - AWSCloudWatch
  - AWSCognito
  - AWSCognitoAuth
  - AWSCognitoIdentityProvider
  - AWSCognitoIdentityProviderASF
  - AWSCore
  - AWSDynamoDB
  - AWSEC2
  - AWSElasticLoadBalancing
  - AWSFacebookSignIn
  - AWSGoogleSignIn
  - AWSIoT
  - AWSKinesis
  - AWSKMS
  - AWSLambda
  - AWSLex
  - AWSLogs
  - AWSMachineLearning
  - AWSMobileAnalytics
  - AWSMobileClient
  - AWSPinpoint
  - AWSPolly
  - AWSRekognition
  - AWSS3
  - AWSSES
  - AWSSimpleDB
  - AWSSNS
  - AWSSQS
  - AWSUserPoolsSignIn

SPEC CHECKSUMS:
  AWSAuth: 7f5f52ab49fdec9daf00457b1a4a8d6ba7f7c6be
  AWSAuthCore: 15a48ce8153e6b7b7df763e8df9d993c7797957e
  AWSAuthUI: c275f3be411076b0aa33237cb9efc596c16aa631
  AWSAutoScaling: 2264338bb6e05a60e3ac23f9a79d58a4e093d769
  AWSCloudWatch: 65a4e32a73de6b7b771980bef03baba777d06ff6
  AWSCognito: 2a3da30af7d731cfd1032812a052e65099bbe26a
  AWSCognitoAuth: 662ba12dc09045f331779798360c545c0e03fdf7
  AWSCognitoIdentityProvider: 9f15b1d0073c3585d791877c98e1315c368b4f18
  AWSCognitoIdentityProviderASF: f94f1a502e72ef3d0a1de93e10bf7a79c8698118
  AWSCore: 82fbb01d73a22cfae77ac2f03f6073a123092452
  AWSDynamoDB: bbfc2583819099ccc0ba92eb54cb425049d4278b
  AWSEC2: 75f0c7bc30a063c1c171413ae950f94958fd6f14
  AWSElasticLoadBalancing: af631a46fff3b98a3514895805d00ee48c0fbed8
  AWSFacebookSignIn: b437c45a96a957dbf8ff206e8c51d5ec18bf75bb
  AWSGoogleSignIn: 006991c42700972e8fa6dbd2b234a470641f0059
  AWSIoT: 68f7b6d87856136843a8fe496b4a50fb590727e1
  AWSKinesis: 342e84eb54eda89d247b14b32cf5240c7f0e4d46
  AWSKMS: 7d651011838c1b9e9b60387084a43b624744d5b0
  AWSLambda: eabf39017c8193d5d028cca4076fbd07fcfd57f9
  AWSLex: 6098bdf56282da8ae9734e49e54f5eaacce74339
  AWSLogs: 825f7b689c79654fac63cbe51cf52e63e5f72b5a
  AWSMachineLearning: 70fd62c137a800120b5f029e3cef3fea3e7aa891
  AWSMobileAnalytics: a29a1059066917b2365bc8e8cba42b11fe6a89c6
  AWSMobileClient: 7b8dd4ef7a7d5c08f258b547d061c3c2018d32d8
  AWSPinpoint: e00eaa2a04a1c8176f1481391b32e43279471dd1
  AWSPolly: b23a1cc648986979bb22f0606e4d238fd4c0cf96
  AWSRekognition: 6c95b1a6b71b79897b9237331e86db64c8b0745d
  AWSS3: 00482eb3363cab1d4c3fd7b0bb7c117ae7264505
  AWSSES: 002427d285d8e3a552612d1318d42f7e44adc227
  AWSSimpleDB: 01fbfca17057f46e64f36afb059cefabbf7e1c65
  AWSSNS: 4f5ee521ea0e4fdbada21b8121de7f792d52a846
  AWSSQS: 923b4f77e62a795ffe9f8b7a4095fe188ee9fb57
  AWSUserPoolsSignIn: ba2e21e15527ba955194031fd40f02e1490630fe
  Bolts: ac6567323eac61e203f6a9763667d0f711be34c8
  FBSDKCoreKit: 572b047a7e029bc44542bcf8a59414e7ff2b543e
  FBSDKLoginKit: 88cb456349cfb3b554427ce4f8b43729d85dfb40

PODFILE CHECKSUM: a1034b8123f49b1559e8b8038473b57ea05c0cf5

COCOAPODS: 1.3.1
